Microsoft Visual Studio Solution File, Format Version 12.00
# Visual Studio Version 17
VisualStudioVersion = 17.5.2.0
MinimumVisualStudioVersion = 10.0.40219.1
Project("{FAE04EC0-301F-11D3-BF4B-00C04F79EFBC}") = "Social-Media-Integration-Adapter", "Social-Media-Integration-Adapter\Social-Media-Integration-Adapter.csproj", "{14008209-5896-6F64-BC0A-24000C151ABE}"
EndProject
Global
	GlobalSection(SolutionConfigurationPlatforms) = preSolution
		Debug|Any CPU = Debug|Any CPU
		Release|Any CPU = Release|Any CPU
	EndGlobalSection
	GlobalSection(ProjectConfigurationPlatforms) = postSolution
		{14008209-5896-6F64-BC0A-24000C151ABE}.Debug|Any CPU.ActiveCfg = Debug|Any CPU
		{14008209-5896-6F64-BC0A-24000C151ABE}.Debug|Any CPU.Build.0 = Debug|Any CPU
		{14008209-5896-6F64-BC0A-24000C151ABE}.Release|Any CPU.ActiveCfg = Release|Any CPU
		{14008209-5896-6F64-BC0A-24000C151ABE}.Release|Any CPU.Build.0 = Release|Any CPU
	EndGlobalSection
	GlobalSection(SolutionProperties) = preSolution
		HideSolutionNode = FALSE
	EndGlobalSection
	GlobalSection(ExtensibilityGlobals) = postSolution
		SolutionGuid = {0D393246-351F-43D7-83E9-49C57084657F}
	EndGlobalSection
EndGlobal
